// !$*UTF8*$!
{
	archiveVersion = 1;
	classes = {
	};
	objectVersion = 50;
	objects = {

/* Begin PBXBuildFile section */
		15AABFDD21378D88001F5572 /* AppDelegate.swift in Sources */ = {isa = PBXBuildFile; fileRef = 15AABFDC21378D88001F5572 /* AppDelegate.swift */; };
		15AABFDF21378D88001F5572 /* ViewController.swift in Sources */ = {isa = PBXBuildFile; fileRef = 15AABFDE21378D88001F5572 /* ViewController.swift */; };
		15AABFE221378D88001F5572 /* Main.storyboard in Resources */ = {isa = PBXBuildFile; fileRef = 15AABFE021378D88001F5572 /* Main.storyboard */; };
		15AABFE421378D88001F5572 /* Assets.xcassets in Resources */ = {isa = PBXBuildFile; fileRef = 15AABFE321378D88001F5572 /* Assets.xcassets */; };
		15AABFE721378D88001F5572 /* LaunchScreen.storyboard in Resources */ = {isa = PBXBuildFile; fileRef = 15AABFE521378D88001F5572 /* LaunchScreen.storyboard */; };
		15AABFF221378D88001F5572 /* fix_demo_03Tests.swift in Sources */ = {isa = PBXBuildFile; fileRef = 15AABFF121378D88001F5572 /* fix_demo_03Tests.swift */; };
		15AABFFD21378D88001F5572 /* fix_demo_03UITests.swift in Sources */ = {isa = PBXBuildFile; fileRef = 15AABFFC21378D88001F5572 /* fix_demo_03UITests.swift */; };
/* End PBXBuildFile section */

/* Begin PBXContainerItemProxy section */
		15AABFEE21378D88001F5572 /* PBXContainerItemProxy */ = {
			isa = PBXContainerItemProxy;
			containerPortal = 15AABFD121378D88001F5572 /* Project object */;
			proxyType = 1;
			remoteGlobalIDString = 15AABFD821378D88001F5572;
			remoteInfo = fix_demo_03;
		};
		15AABFF921378D88001F5572 /* PBXContainerItemProxy */ = {
			isa = PBXContainerItemProxy;
			containerPortal = 15AABFD121378D88001F5572 /* Project object */;
			proxyType = 1;
			remoteGlobalIDString = 15AABFD821378D88001F5572;
			remoteInfo = fix_demo_03;
		};
/* End PBXContainerItemProxy section */

/* Begin PBXFileReference section */
		15AABFD921378D88001F5572 /* fix_demo_03.app */ = {isa = PBXFileReference; explicitFileType = wrapper.application; includeInIndex = 0; path = fix_demo_03.app; sourceTree = BUILT_PRODUCTS_DIR; };
		15AABFDC21378D88001F5572 /* AppDelegate.swift */ = {isa = PBXFileReference; lastKnownFileType = sourcecode.swift; path = AppDelegate.swift; sourceTree = "<group>"; };
		15AABFDE21378D88001F5572 /* ViewController.swift */ = {isa = PBXFileReference; lastKnownFileType = sourcecode.swift; path = ViewController.swift; sourceTree = "<group>"; };
		15AABFE121378D88001F5572 /* Base */ = {isa = PBXFileReference; lastKnownFileType = file.storyboard; name = Base; path = Base.lproj/Main.storyboard; sourceTree = "<group>"; };
		15AABFE321378D88001F5572 /* Assets.xcassets */ = {isa = PBXFileReference; lastKnownFileType = folder.assetcatalog; path = Assets.xcassets; sourceTree = "<group>"; };
		15AABFE621378D88001F5572 /* Base */ = {isa = PBXFileReference; lastKnownFileType = file.storyboard; name = Base; path = Base.lproj/LaunchScreen.storyboard; sourceTree = "<group>"; };
		15AABFE821378D88001F5572 /* Info.plist */ = {isa = PBXFileReference; lastKnownFileType = text.plist.xml; path = Info.plist; sourceTree = "<group>"; };
		15AABFED21378D88001F5572 /* fix_demo_03Tests.xctest */ = {isa = PBXFileReference; explicitFileType = wrapper.cfbundle; includeInIndex = 0; path = fix_demo_03Tests.xctest; sourceTree = BUILT_PRODUCTS_DIR; };
		15AABFF121378D88001F5572 /* fix_demo_03Tests.swift */ = {isa = PBXFileReference; lastKnownFileType = sourcecode.swift; path = fix_demo_03Tests.swift; sourceTree = "<group>"; };
		15AABFF321378D88001F5572 /* Info.plist */ = {isa = PBXFileReference; lastKnownFileType = text.plist.xml; path = Info.plist; sourceTree = "<group>"; };
		15AABFF821378D88001F5572 /* fix_demo_03UITests.xctest */ = {isa = PBXFileReference; explicitFileType = wrapper.cfbundle; includeInIndex = 0; path = fix_demo_03UITests.xctest; sourceTree = BUILT_PRODUCTS_DIR; };
		15AABFFC21378D88001F5572 /* fix_demo_03UITests.swift */ = {isa = PBXFileReference; lastKnownFileType = sourcecode.swift; path = fix_demo_03UITests.swift; sourceTree = "<group>"; };
		15AABFFE21378D88001F5572 /* Info.plist */ = {isa = PBXFileReference; lastKnownFileType = text.plist.xml; path = Info.plist; sourceTree = "<group>"; };
/* End PBXFileReference section */

/* Begin PBXFrameworksBuildPhase section */
		15AABFD621378D88001F5572 /* Frameworks */ = {
			isa = PBXFrameworksBuildPhase;
			buildActionMask = 2147483647;
			files = (
			);
			runOnlyForDeploymentPostprocessing = 0;
		};
		15AABFEA21378D88001F5572 /* Frameworks */ = {
			isa = PBXFrameworksBuildPhase;
			buildActionMask = 2147483647;
			files = (
			);
			runOnlyForDeploymentPostprocessing = 0;
		};
		15AABFF521378D88001F5572 /* Frameworks */ = {
			isa = PBXFrameworksBuildPhase;
			buildActionMask = 2147483647;
			files = (
			);
			runOnlyForDeploymentPostprocessing = 0;
		};
/* End PBXFrameworksBuildPhase section */

/* Begin PBXGroup section */
		15AABFD021378D88001F5572 = {
			isa = PBXGroup;
			children = (
				15AABFDB21378D88001F5572 /* fix_demo_03 */,
				15AABFF021378D88001F5572 /* fix_demo_03Tests */,
				15AABFFB21378D88001F5572 /* fix_demo_03UITests */,
				15AABFDA21378D88001F5572 /* Products */,
			);
			sourceTree = "<group>";
		};
		15AABFDA21378D88001F5572 /* Products */ = {
			isa = PBXGroup;
			children = (
				15AABFD921378D88001F5572 /* fix_demo_03.app */,
				15AABFED21378D88001F5572 /* fix_demo_03Tests.xctest */,
				15AABFF821378D88001F5572 /* fix_demo_03UITests.xctest */,
			);
			name = Products;
			sourceTree = "<group>";
		};
		15AABFDB21378D88001F5572 /* fix_demo_03 */ = {
			isa = PBXGroup;
			children = (
				15AABFDC21378D88001F5572 /* AppDelegate.swift */,
				15AABFDE21378D88001F5572 /* ViewController.swift */,
				15AABFE021378D88001F5572 /* Main.storyboard */,
				15AABFE321378D88001F5572 /* Assets.xcassets */,
				15AABFE521378D88001F5572 /* LaunchScreen.storyboard */,
				15AABFE821378D88001F5572 /* Info.plist */,
			);
			path = fix_demo_03;
			sourceTree = "<group>";
		};
		15AABFF021378D88001F5572 /* fix_demo_03Tests */ = {
			isa = PBXGroup;
			children = (
				15AABFF121378D88001F5572 /* fix_demo_03Tests.swift */,
				15AABFF321378D88001F5572 /* Info.plist */,
			);
			path = fix_demo_03Tests;
			sourceTree = "<group>";
		};
		15AABFFB21378D88001F5572 /* fix_demo_03UITests */ = {
			isa = PBXGroup;
			children = (
				15AABFFC21378D88001F5572 /* fix_demo_03UITests.swift */,
				15AABFFE21378D88001F5572 /* Info.plist */,
			);
			path = fix_demo_03UITests;
			sourceTree = "<group>";
		};
/* End PBXGroup section */

/* Begin PBXNativeTarget section */
		15AABFD821378D88001F5572 /* fix_demo_03 */ = {
			isa = PBXNativeTarget;
			buildConfigurationList = 15AAC00121378D88001F5572 /* Build configuration list for PBXNativeTarget "fix_demo_03" */;
			buildPhases = (
				15AABFD521378D88001F5572 /* Sources */,
				15AABFD621378D88001F5572 /* Frameworks */,
				15AABFD721378D88001F5572 /* Resources */,
			);
			buildRules = (
			);
			dependencies = (
			);
			name = fix_demo_03;
			productName = fix_demo_03;
			productReference = 15AABFD921378D88001F5572 /* fix_demo_03.app */;
			productType = "com.apple.product-type.application";
		};
		15AABFEC21378D88001F5572 /* fix_demo_03Tests */ = {
			isa = PBXNativeTarget;
			buildConfigurationList = 15AAC00421378D88001F5572 /* Build configuration list for PBXNativeTarget "fix_demo_03Tests" */;
			buildPhases = (
				15AABFE921378D88001F5572 /* Sources */,
				15AABFEA21378D88001F5572 /* Frameworks */,
				15AABFEB21378D88001F5572 /* Resources */,
			);
			buildRules = (
			);
			dependencies = (
				15AABFEF21378D88001F5572 /* PBXTargetDependency */,
			);
			name = fix_demo_03Tests;
			productName = fix_demo_03Tests;
			productReference = 15AABFED21378D88001F5572 /* fix_demo_03Tests.xctest */;
			productType = "com.apple.product-type.bundle.unit-test";
		};
		15AABFF721378D88001F5572 /* fix_demo_03UITests */ = {
			isa = PBXNativeTarget;
			buildConfigurationList = 15AAC00721378D88001F5572 /* Build configuration list for PBXNativeTarget "fix_demo_03UITests" */;
			buildPhases = (
				15AABFF421378D88001F5572 /* Sources */,
				15AABFF521378D88001F5572 /* Frameworks */,
				15AABFF621378D88001F5572 /* Resources */,
			);
			buildRules = (
			);
			dependencies = (
				15AABFFA21378D88001F5572 /* PBXTargetDependency */,
			);
			name = fix_demo_03UITests;
			productName = fix_demo_03UITests;
			productReference = 15AABFF821378D88001F5572 /* fix_demo_03UITests.xctest */;
			productType = "com.apple.product-type.bundle.ui-testing";
		};
/* End PBXNativeTarget section */

/* Begin PBXProject section */
		15AABFD121378D88001F5572 /* Project object */ = {
			isa = PBXProject;
			attributes = {
				LastSwiftUpdateCheck = 0940;
				LastUpgradeCheck = 0940;
				ORGANIZATIONNAME = "Hazel Kirtis";
				TargetAttributes = {
					15AABFD821378D88001F5572 = {
						CreatedOnToolsVersion = 9.4.1;
					};
					15AABFEC21378D88001F5572 = {
						CreatedOnToolsVersion = 9.4.1;
						TestTargetID = 15AABFD821378D88001F5572;
					};
					15AABFF721378D88001F5572 = {
						CreatedOnToolsVersion = 9.4.1;
						TestTargetID = 15AABFD821378D88001F5572;
					};
				};
			};
			buildConfigurationList = 15AABFD421378D88001F5572 /* Build configuration list for PBXProject "fix_demo_03" */;
			compatibilityVersion = "Xcode 9.3";
			developmentRegion = en;
			hasScannedForEncodings = 0;
			knownRegions = (
				en,
				Base,
			);
			mainGroup = 15AABFD021378D88001F5572;
			productRefGroup = 15AABFDA21378D88001F5572 /* Products */;
			projectDirPath = "";
			projectRoot = "";
			targets = (
				15AABFD821378D88001F5572 /* fix_demo_03 */,
				15AABFEC21378D88001F5572 /* fix_demo_03Tests */,
				15AABFF721378D88001F5572 /* fix_demo_03UITests */,
			);
		};
/* End PBXProject section */

/* Begin PBXResourcesBuildPhase section */
		15AABFD721378D88001F5572 /* Resources */ = {
			isa = PBXResourcesBuildPhase;
			buildActionMask = 2147483647;
			files = (
				15AABFE721378D88001F5572 /* LaunchScreen.storyboard in Resources */,
				15AABFE421378D88001F5572 /* Assets.xcassets in Resources */,
				15AABFE221378D88001F5572 /* Main.storyboard in Resources */,
			);
			runOnlyForDeploymentPostprocessing = 0;
		};
		15AABFEB21378D88001F5572 /* Resources */ = {
			isa = PBXResourcesBuildPhase;
			buildActionMask = 2147483647;
			files = (
			);
			runOnlyForDeploymentPostprocessing = 0;
		};
		15AABFF621378D88001F5572 /* Resources */ = {
			isa = PBXResourcesBuildPhase;
			buildActionMask = 2147483647;
			files = (
			);
			runOnlyForDeploymentPostprocessing = 0;
		};
/* End PBXResourcesBuildPhase section */

/* Begin PBXSourcesBuildPhase section */
		15AABFD521378D88001F5572 /* Sources */ = {
			isa = PBXSourcesBuildPhase;
			buildActionMask = 2147483647;
			files = (
				15AABFDF21378D88001F5572 /* ViewController.swift in Sources */,
				15AABFDD21378D88001F5572 /* AppDelegate.swift in Sources */,
			);
			runOnlyForDeploymentPostprocessing = 0;
		};
		15AABFE921378D88001F5572 /* Sources */ = {
			isa = PBXSourcesBuildPhase;
			buildActionMask = 2147483647;
			files = (
				15AABFF221378D88001F5572 /* fix_demo_03Tests.swift in Sources */,
			);
			runOnlyForDeploymentPostprocessing = 0;
		};
		15AABFF421378D88001F5572 /* Sources */ = {
			isa = PBXSourcesBuildPhase;
			buildActionMask = 2147483647;
			files = (
				15AABFFD21378D88001F5572 /* fix_demo_03UITests.swift in Sources */,
			);
			runOnlyForDeploymentPostprocessing = 0;
		};
/* End PBXSourcesBuildPhase section */

/* Begin PBXTargetDependency section */
		15AABFEF21378D88001F5572 /* PBXTargetDependency */ = {
			isa = PBXTargetDependency;
			target = 15AABFD821378D88001F5572 /* fix_demo_03 */;
			targetProxy = 15AABFEE21378D88001F5572 /* PBXContainerItemProxy */;
		};
		15AABFFA21378D88001F5572 /* PBXTargetDependency */ = {
			isa = PBXTargetDependency;
			target = 15AABFD821378D88001F5572 /* fix_demo_03 */;
			targetProxy = 15AABFF921378D88001F5572 /* PBXContainerItemProxy */;
		};
/* End PBXTargetDependency section */

/* Begin PBXVariantGroup section */
		15AABFE021378D88001F5572 /* Main.storyboard */ = {
			isa = PBXVariantGroup;
			children = (
				15AABFE121378D88001F5572 /* Base */,
			);
			name = Main.storyboard;
			sourceTree = "<group>";
		};
		15AABFE521378D88001F5572 /* LaunchScreen.storyboard */ = {
			isa = PBXVariantGroup;
			children = (
				15AABFE621378D88001F5572 /* Base */,
			);
			name = LaunchScreen.storyboard;
			sourceTree = "<group>";
		};
/* End PBXVariantGroup section */

/* Begin XCBuildConfiguration section */
		15AABFFF21378D88001F5572 /* Debug */ = {
			isa = XCBuildConfiguration;
			buildSettings = {
				ALWAYS_SEARCH_USER_PATHS = NO;
				CLANG_ANALYZER_NONNULL = YES;
				CLANG_ANALYZER_NUMBER_OBJECT_CONVERSION = YES_AGGRESSIVE;
				CLANG_CXX_LANGUAGE_STANDARD = "gnu++14";
				CLANG_CXX_LIBRARY = "libc++";
				CLANG_ENABLE_MODULES = YES;
				CLANG_ENABLE_OBJC_ARC = YES;
				CLANG_ENABLE_OBJC_WEAK = YES;
				CLANG_WARN_BLOCK_CAPTURE_AUTORELEASING = YES;
				CLANG_WARN_BOOL_CONVERSION = YES;
				CLANG_WARN_COMMA = YES;
				CLANG_WARN_CONSTANT_CONVERSION = YES;
				CLANG_WARN_DEPRECATED_OBJC_IMPLEMENTATIONS = YES;
				CLANG_WARN_DIRECT_OBJC_ISA_USAGE = YES_ERROR;
				CLANG_WARN_DOCUMENTATION_COMMENTS = YES;
				CLANG_WARN_EMPTY_BODY = YES;
				CLANG_WARN_ENUM_CONVERSION = YES;
				CLANG_WARN_INFINITE_RECURSION = YES;
				CLANG_WARN_INT_CONVERSION = YES;
				CLANG_WARN_NON_LITERAL_NULL_CONVERSION = YES;
				CLANG_WARN_OBJC_IMPLICIT_RETAIN_SELF = YES;
				CLANG_WARN_OBJC_LITERAL_CONVERSION = YES;
				CLANG_WARN_OBJC_ROOT_CLASS = YES_ERROR;
				CLANG_WARN_RANGE_LOOP_ANALYSIS = YES;
				CLANG_WARN_STRICT_PROTOTYPES = YES;
				CLANG_WARN_SUSPICIOUS_MOVE = YES;
				CLANG_WARN_UNGUARDED_AVAILABILITY = YES_AGGRESSIVE;
				CLANG_WARN_UNREACHABLE_CODE = YES;
				CLANG_WARN__DUPLICATE_METHOD_MATCH = YES;
				CODE_SIGN_IDENTITY = "iPhone Developer";
				COPY_PHASE_STRIP = NO;
				DEBUG_INFORMATION_FORMAT = dwarf;
				ENABLE_STRICT_OBJC_MSGSEND = YES;
				ENABLE_TESTABILITY = YES;
				GCC_C_LANGUAGE_STANDARD = gnu11;
				GCC_DYNAMIC_NO_PIC = NO;
				GCC_NO_COMMON_BLOCKS = YES;
				GCC_OPTIMIZATION_LEVEL = 0;
				GCC_PREPROCESSOR_DEFINITIONS = (
					"DEBUG=1",
					"$(inherited)",
				);
				GCC_WARN_64_TO_32_BIT_CONVERSION = YES;
				GCC_WARN_ABOUT_RETURN_TYPE = YES_ERROR;
				GCC_WARN_UNDECLARED_SELECTOR = YES;
				GCC_WARN_UNINITIALIZED_AUTOS = YES_AGGRESSIVE;
				GCC_WARN_UNUSED_FUNCTION = YES;
				GCC_WARN_UNUSED_VARIABLE = YES;
				IPHONEOS_DEPLOYMENT_TARGET = 11.4;
				MTL_ENABLE_DEBUG_INFO = YES;
				ONLY_ACTIVE_ARCH = YES;
				SDKROOT = iphoneos;
				SWIFT_ACTIVE_COMPILATION_CONDITIONS = DEBUG;
				SWIFT_OPTIMIZATION_LEVEL = "-Onone";
			};
			name = Debug;
		};
		15AAC00021378D88001F5572 /* Release */ = {
			isa = XCBuildConfiguration;
			buildSettings = {
				ALWAYS_SEARCH_USER_PATHS = NO;
				CLANG_ANALYZER_NONNULL = YES;
				CLANG_ANALYZER_NUMBER_OBJECT_CONVERSION = YES_AGGRESSIVE;
				CLANG_CXX_LANGUAGE_STANDARD = "gnu++14";
				CLANG_CXX_LIBRARY = "libc++";
				CLANG_ENABLE_MODULES = YES;
				CLANG_ENABLE_OBJC_ARC = YES;
				CLANG_ENABLE_OBJC_WEAK = YES;
				CLANG_WARN_BLOCK_CAPTURE_AUTORELEASING = YES;
				CLANG_WARN_BOOL_CONVERSION = YES;
				CLANG_WARN_COMMA = YES;
				CLANG_WARN_CONSTANT_CONVERSION = YES;
				CLANG_WARN_DEPRECATED_OBJC_IMPLEMENTATIONS = YES;
				CLANG_WARN_DIRECT_OBJC_ISA_USAGE = YES_ERROR;
				CLANG_WARN_DOCUMENTATION_COMMENTS = YES;
				CLANG_WARN_EMPTY_BODY = YES;
				CLANG_WARN_ENUM_CONVERSION = YES;
				CLANG_WARN_INFINITE_RECURSION = YES;
				CLANG_WARN_INT_CONVERSION = YES;
				CLANG_WARN_NON_LITERAL_NULL_CONVERSION = YES;
				CLANG_WARN_OBJC_IMPLICIT_RETAIN_SELF = YES;
				CLANG_WARN_OBJC_LITERAL_CONVERSION = YES;
				CLANG_WARN_OBJC_ROOT_CLASS = YES_ERROR;
				CLANG_WARN_RANGE_LOOP_ANALYSIS = YES;
				CLANG_WARN_STRICT_PROTOTYPES = YES;
				CLANG_WARN_SUSPICIOUS_MOVE = YES;
				CLANG_WARN_UNGUARDED_AVAILABILITY = YES_AGGRESSIVE;
				CLANG_WARN_UNREACHABLE_CODE = YES;
				CLANG_WARN__DUPLICATE_METHOD_MATCH = YES;
				CODE_SIGN_IDENTITY = "iPhone Developer";
				COPY_PHASE_STRIP = NO;
				DEBUG_INFORMATION_FORMAT = "dwarf-with-dsym";
				ENABLE_NS_ASSERTIONS = NO;
				ENABLE_STRICT_OBJC_MSGSEND = YES;
				GCC_C_LANGUAGE_STANDARD = gnu11;
				GCC_NO_COMMON_BLOCKS = YES;
				GCC_WARN_64_TO_32_BIT_CONVERSION = YES;
				GCC_WARN_ABOUT_RETURN_TYPE = YES_ERROR;
				GCC_WARN_UNDECLARED_SELECTOR = YES;
				GCC_WARN_UNINITIALIZED_AUTOS = YES_AGGRESSIVE;
				GCC_WARN_UNUSED_FUNCTION = YES;
				GCC_WARN_UNUSED_VARIABLE = YES;
				IPHONEOS_DEPLOYMENT_TARGET = 11.4;
				MTL_ENABLE_DEBUG_INFO = NO;
				SDKROOT = iphoneos;
				SWIFT_COMPILATION_MODE = wholemodule;
				SWIFT_OPTIMIZATION_LEVEL = "-O";
				VALIDATE_PRODUCT = YES;
			};
			name = Release;
		};
		15AAC00221378D88001F5572 /* Debug */ = {
			isa = XCBuildConfiguration;
			buildSettings = {
				ASSETCATALOG_COMPILER_APPICON_NAME = AppIcon;
				CODE_SIGN_STYLE = Automatic;
				DEVELOPMENT_TEAM = 27SQNDN68F;
				INFOPLIST_FILE = fix_demo_03/Info.plist;
				LD_RUNPATH_SEARCH_PATHS = (
					"$(inherited)",
					"@executable_path/Frameworks",
				);
				PRODUCT_BUNDLE_IDENTIFIER = "com.hazel.fix-demo-03";
				PRODUCT_NAME = "$(TARGET_NAME)";
				SWIFT_VERSION = 4.0;
				TARGETED_DEVICE_FAMILY = "1,2";
			};
			name = Debug;
		};
		15AAC00321378D88001F5572 /* Release */ = {
			isa = XCBuildConfiguration;
			buildSettings = {
				ASSETCATALOG_COMPILER_APPICON_NAME = AppIcon;
				CODE_SIGN_STYLE = Automatic;
				DEVELOPMENT_TEAM = 27SQNDN68F;
				INFOPLIST_FILE = fix_demo_03/Info.plist;
				LD_RUNPATH_SEARCH_PATHS = (
					"$(inherited)",
					"@executable_path/Frameworks",
				);
				PRODUCT_BUNDLE_IDENTIFIER = "com.hazel.fix-demo-03";
				PRODUCT_NAME = "$(TARGET_NAME)";
				SWIFT_VERSION = 4.0;
				TARGETED_DEVICE_FAMILY = "1,2";
			};
			name = Release;
		};
		15AAC00521378D88001F5572 /* Debug */ = {
			isa = XCBuildConfiguration;
			buildSettings = {
				ALWAYS_EMBED_SWIFT_STANDARD_LIBRARIES = YES;
				BUNDLE_LOADER = "$(TEST_HOST)";
				CODE_SIGN_STYLE = Automatic;
				DEVELOPMENT_TEAM = 27SQNDN68F;
				INFOPLIST_FILE = fix_demo_03Tests/Info.plist;
				LD_RUNPATH_SEARCH_PATHS = (
					"$(inherited)",
					"@executable_path/Frameworks",
					"@loader_path/Frameworks",
				);
				PRODUCT_BUNDLE_IDENTIFIER = "com.hazel.fix-demo-03Tests";
				PRODUCT_NAME = "$(TARGET_NAME)";
				SWIFT_VERSION = 4.0;
				TARGETED_DEVICE_FAMILY = "1,2";
				TEST_HOST = "$(BUILT_PRODUCTS_DIR)/fix_demo_03.app/fix_demo_03";
			};
			name = Debug;
		};
		15AAC00621378D88001F5572 /* Release */ = {
			isa = XCBuildConfiguration;
			buildSettings = {
				ALWAYS_EMBED_SWIFT_STANDARD_LIBRARIES = YES;
				BUNDLE_LOADER = "$(TEST_HOST)";
				CODE_SIGN_STYLE = Automatic;
				DEVELOPMENT_TEAM = 27SQNDN68F;
				INFOPLIST_FILE = fix_demo_03Tests/Info.plist;
				LD_RUNPATH_SEARCH_PATHS = (
					"$(inherited)",
					"@executable_path/Frameworks",
					"@loader_path/Frameworks",
				);
				PRODUCT_BUNDLE_IDENTIFIER = "com.hazel.fix-demo-03Tests";
				PRODUCT_NAME = "$(TARGET_NAME)";
				SWIFT_VERSION = 4.0;
				TARGETED_DEVICE_FAMILY = "1,2";
				TEST_HOST = "$(BUILT_PRODUCTS_DIR)/fix_demo_03.app/fix_demo_03";
			};
			name = Release;
		};
		15AAC00821378D88001F5572 /* Debug */ = {
			isa = XCBuildConfiguration;
			buildSettings = {
				ALWAYS_EMBED_SWIFT_STANDARD_LIBRARIES = YES;
				CODE_SIGN_STYLE = Automatic;
				DEVELOPMENT_TEAM = 27SQNDN68F;
				INFOPLIST_FILE = fix_demo_03UITests/Info.plist;
				LD_RUNPATH_SEARCH_PATHS = (
					"$(inherited)",
					"@executable_path/Frameworks",
					"@loader_path/Frameworks",
				);
				PRODUCT_BUNDLE_IDENTIFIER = "com.hazel.fix-demo-03UITests";
				PRODUCT_NAME = "$(TARGET_NAME)";
				SWIFT_VERSION = 4.0;
				TARGETED_DEVICE_FAMILY = "1,2";
				TEST_TARGET_NAME = fix_demo_03;
			};
			name = Debug;
		};
		15AAC00921378D88001F5572 /* Release */ = {
			isa = XCBuildConfiguration;
			buildSettings = {
				ALWAYS_EMBED_SWIFT_STANDARD_LIBRARIES = YES;
				CODE_SIGN_STYLE = Automatic;
				DEVELOPMENT_TEAM = 27SQNDN68F;
				INFOPLIST_FILE = fix_demo_03UITests/Info.plist;
				LD_RUNPATH_SEARCH_PATHS = (
					"$(inherited)",
					"@executable_path/Frameworks",
					"@loader_path/Frameworks",
				);
				PRODUCT_BUNDLE_IDENTIFIER = "com.hazel.fix-demo-03UITests";
				PRODUCT_NAME = "$(TARGET_NAME)";
				SWIFT_VERSION = 4.0;
				TARGETED_DEVICE_FAMILY = "1,2";
				TEST_TARGET_NAME = fix_demo_03;
			};
			name = Release;
		};
/* End XCBuildConfiguration section */

/* Begin XCConfigurationList section */
		15AABFD421378D88001F5572 /* Build configuration list for PBXProject "fix_demo_03" */ = {
			isa = XCConfigurationList;
			buildConfigurations = (
				15AABFFF21378D88001F5572 /* Debug */,
				15AAC00021378D88001F5572 /* Release */,
			);
			defaultConfigurationIsVisible = 0;
			defaultConfigurationName = Release;
		};
		15AAC00121378D88001F5572 /* Build configuration list for PBXNativeTarget "fix_demo_03" */ = {
			isa = XCConfigurationList;
			buildConfigurations = (
				15AAC00221378D88001F5572 /* Debug */,
				15AAC00321378D88001F5572 /* Release */,
			);
			defaultConfigurationIsVisible = 0;
			defaultConfigurationName = Release;
		};
		15AAC00421378D88001F5572 /* Build configuration list for PBXNativeTarget "fix_demo_03Tests" */ = {
			isa = XCConfigurationList;
			buildConfigurations = (
				15AAC00521378D88001F5572 /* Debug */,
				15AAC00621378D88001F5572 /* Release */,
			);
			defaultConfigurationIsVisible = 0;
			defaultConfigurationName = Release;
		};
		15AAC00721378D88001F5572 /* Build configuration list for PBXNativeTarget "fix_demo_03UITests" */ = {
			isa = XCConfigurationList;
			buildConfigurations = (
				15AAC00821378D88001F5572 /* Debug */,
				15AAC00921378D88001F5572 /* Release */,
			);
			defaultConfigurationIsVisible = 0;
			defaultConfigurationName = Release;
		};
/* End XCConfigurationList section */
	};
	rootObject = 15AABFD121378D88001F5572 /* Project object */;
}
